
Microsoft Visual Studio Solution File, Format Version 12.00
# Visual Studio Version 17
VisualStudioVersion = 17.11.35312.102
MinimumVisualStudioVersion = 10.0.40219.1
Project("{FAE04EC0-301F-11D3-BF4B-00C04F79EFBC}") = "batch7_Spoorthy", "batch7_Spoorthy\batch7_Spoorthy.csproj", "{E372F488-1A8D-4DDE-AEB1-D2C435B0738B}"
EndProject
Global
	GlobalSection(SolutionConfigurationPlatforms) = preSolution
		Debug|Any CPU = Debug|Any CPU
		Release|Any CPU = Release|Any CPU
	EndGlobalSection
	GlobalSection(ProjectConfigurationPlatforms) = postSolution
		{E372F488-1A8D-4DDE-AEB1-D2C435B0738B}.Debug|Any CPU.ActiveCfg = Debug|Any CPU
		{E372F488-1A8D-4DDE-AEB1-D2C435B0738B}.Debug|Any CPU.Build.0 = Debug|Any CPU
		{E372F488-1A8D-4DDE-AEB1-D2C435B0738B}.Release|Any CPU.ActiveCfg = Release|Any CPU
		{E372F488-1A8D-4DDE-AEB1-D2C435B0738B}.Release|Any CPU.Build.0 = Release|Any CPU
	EndGlobalSection
	GlobalSection(SolutionProperties) = preSolution
		HideSolutionNode = FALSE
	EndGlobalSection
	GlobalSection(ExtensibilityGlobals) = postSolution
		SolutionGuid = {49447F4C-0112-4374-9123-07C437148B1B}
	EndGlobalSection
EndGlobal
