
Microsoft Visual Studio Solution File, Format Version 12.00
# Visual Studio Version 17
VisualStudioVersion = 17.11.35312.102
MinimumVisualStudioVersion = 10.0.40219.1
Project("{FAE04EC0-301F-11D3-BF4B-00C04F79EFBC}") = "WebApi", "WebApi\WebApi.csproj", "{64940C48-0FEB-4980-B9C2-10EE8CF21BBF}"
EndProject
Global
	GlobalSection(SolutionConfigurationPlatforms) = preSolution
		Debug|Any CPU = Debug|Any CPU
		Release|Any CPU = Release|Any CPU
	EndGlobalSection
	GlobalSection(ProjectConfigurationPlatforms) = postSolution
		{64940C48-0FEB-4980-B9C2-10EE8CF21BBF}.Debug|Any CPU.ActiveCfg = Debug|Any CPU
		{64940C48-0FEB-4980-B9C2-10EE8CF21BBF}.Debug|Any CPU.Build.0 = Debug|Any CPU
		{64940C48-0FEB-4980-B9C2-10EE8CF21BBF}.Release|Any CPU.ActiveCfg = Release|Any CPU
		{64940C48-0FEB-4980-B9C2-10EE8CF21BBF}.Release|Any CPU.Build.0 = Release|Any CPU
	EndGlobalSection
	GlobalSection(SolutionProperties) = preSolution
		HideSolutionNode = FALSE
	EndGlobalSection
	GlobalSection(ExtensibilityGlobals) = postSolution
		SolutionGuid = {F557632C-7779-4937-949F-AFD920CC5E91}
	EndGlobalSection
EndGlobal
