
Microsoft Visual Studio Solution File, Format Version 12.00
# Visual Studio Version 17
VisualStudioVersion = 17.11.35312.102
MinimumVisualStudioVersion = 10.0.40219.1
Project("{FAE04EC0-301F-11D3-BF4B-00C04F79EFBC}") = "CodeFirstApprochWith2Tables", "CodeFirstApprochWith2Tables\CodeFirstApprochWith2Tables.csproj", "{1360B5FE-5F81-454F-99AA-F5AE34EBE93C}"
EndProject
Global
	GlobalSection(SolutionConfigurationPlatforms) = preSolution
		Debug|Any CPU = Debug|Any CPU
		Release|Any CPU = Release|Any CPU
	EndGlobalSection
	GlobalSection(ProjectConfigurationPlatforms) = postSolution
		{1360B5FE-5F81-454F-99AA-F5AE34EBE93C}.Debug|Any CPU.ActiveCfg = Debug|Any CPU
		{1360B5FE-5F81-454F-99AA-F5AE34EBE93C}.Debug|Any CPU.Build.0 = Debug|Any CPU
		{1360B5FE-5F81-454F-99AA-F5AE34EBE93C}.Release|Any CPU.ActiveCfg = Release|Any CPU
		{1360B5FE-5F81-454F-99AA-F5AE34EBE93C}.Release|Any CPU.Build.0 = Release|Any CPU
	EndGlobalSection
	GlobalSection(SolutionProperties) = preSolution
		HideSolutionNode = FALSE
	EndGlobalSection
	GlobalSection(ExtensibilityGlobals) = postSolution
		SolutionGuid = {0A65FBB3-44F7-4944-A17B-A58376A4423D}
	EndGlobalSection
EndGlobal
