
Microsoft Visual Studio Solution File, Format Version 12.00
# Visual Studio Version 17
VisualStudioVersion = 17.11.35312.102
MinimumVisualStudioVersion = 10.0.40219.1
Project("{FAE04EC0-301F-11D3-BF4B-00C04F79EFBC}") = "ProductDbFirstApproch", "ProductDbFirstApproch\ProductDbFirstApproch.csproj", "{1DD30E01-C302-4A4D-86F0-71ADC4D20761}"
EndProject
Global
	GlobalSection(SolutionConfigurationPlatforms) = preSolution
		Debug|Any CPU = Debug|Any CPU
		Release|Any CPU = Release|Any CPU
	EndGlobalSection
	GlobalSection(ProjectConfigurationPlatforms) = postSolution
		{1DD30E01-C302-4A4D-86F0-71ADC4D20761}.Debug|Any CPU.ActiveCfg = Debug|Any CPU
		{1DD30E01-C302-4A4D-86F0-71ADC4D20761}.Debug|Any CPU.Build.0 = Debug|Any CPU
		{1DD30E01-C302-4A4D-86F0-71ADC4D20761}.Release|Any CPU.ActiveCfg = Release|Any CPU
		{1DD30E01-C302-4A4D-86F0-71ADC4D20761}.Release|Any CPU.Build.0 = Release|Any CPU
	EndGlobalSection
	GlobalSection(SolutionProperties) = preSolution
		HideSolutionNode = FALSE
	EndGlobalSection
	GlobalSection(ExtensibilityGlobals) = postSolution
		SolutionGuid = {758C6A95-9BD7-479C-8EAE-749B3E6F9362}
	EndGlobalSection
EndGlobal
