
Microsoft Visual Studio Solution File, Format Version 12.00
# Visual Studio Version 17
VisualStudioVersion = 17.11.35312.102
MinimumVisualStudioVersion = 10.0.40219.1
Project("{FAE04EC0-301F-11D3-BF4B-00C04F79EFBC}") = "DatabaseFirstApprochMvc", "DatabaseFirstApprochMvc\DatabaseFirstApprochMvc.csproj", "{357926F8-3CCD-44D8-AB76-736F360A1432}"
EndProject
Global
	GlobalSection(SolutionConfigurationPlatforms) = preSolution
		Debug|Any CPU = Debug|Any CPU
		Release|Any CPU = Release|Any CPU
	EndGlobalSection
	GlobalSection(ProjectConfigurationPlatforms) = postSolution
		{357926F8-3CCD-44D8-AB76-736F360A1432}.Debug|Any CPU.ActiveCfg = Debug|Any CPU
		{357926F8-3CCD-44D8-AB76-736F360A1432}.Debug|Any CPU.Build.0 = Debug|Any CPU
		{357926F8-3CCD-44D8-AB76-736F360A1432}.Release|Any CPU.ActiveCfg = Release|Any CPU
		{357926F8-3CCD-44D8-AB76-736F360A1432}.Release|Any CPU.Build.0 = Release|Any CPU
	EndGlobalSection
	GlobalSection(SolutionProperties) = preSolution
		HideSolutionNode = FALSE
	EndGlobalSection
	GlobalSection(ExtensibilityGlobals) = postSolution
		SolutionGuid = {BA8F55F8-63D3-427E-8D86-B78B028B8675}
	EndGlobalSection
EndGlobal
